{
  "requires": true,
  "lockfileVersion": 1,
  "dependencies": {
    "@angular/cdk": {
      "version": "10.2.1",
      "resolved": "https://registry.npmjs.org/@angular/cdk/-/cdk-10.2.1.tgz",
      "integrity": "sha512-67nPfteerlGPlwBeKt+EEOgEo2zm3+U6FzwhXVqwEeBxCZ7PWelMDiartHC7zZnzIKkcNEO0Uptq7Bzl2gdU0w==",
      "requires": {
        "parse5": "^5.0.0",
        "tslib": "^2.0.0"
      }
    },
    "@angular/common": {
      "version": "10.1.2",
      "resolved": "https://registry.npmjs.org/@angular/common/-/common-10.1.2.tgz",
      "integrity": "sha512-zsWZN30sUJVXcakKK+B7ANzDZNK5fqZRwawCp5IteUNveqxfl70CqSTft0twOnva0NGsiTgix9WH5XqnUJqYzg==",
      "requires": {
        "tslib": "^2.0.0"
      }
    },
    "@angular/core": {
      "version": "10.1.2",
      "resolved": "https://registry.npmjs.org/@angular/core/-/core-10.1.2.tgz",
      "integrity": "sha512-iBVkCgXMp3TofrbZVwpuSbLAiLHF/fbx9xHnFcjBQUXBUIoxiEB4NcrPHibmBVNX0J45hO6iLsG+ZtFZbMifNg==",
      "requires": {
        "tslib": "^2.0.0"
      }
    },
    "@angular/flex-layout": {
      "version": "9.0.0-beta.31",
      "resolved": "https://registry.npmjs.org/@angular/flex-layout/-/flex-layout-9.0.0-beta.31.tgz",
      "integrity": "sha512-g94u2mecDl87ORvFRuOBshV/S/ETE4bybClU2e1xXKWNG+rhRHchChneHSonc29ZLyROTjHhmAtKOYojL92uLA=="
    },
    "@angular/platform-browser": {
      "version": "10.1.2",
      "resolved": "https://registry.npmjs.org/@angular/platform-browser/-/platform-browser-10.1.2.tgz",
      "integrity": "sha512-zI6YUy2juR8y8jDfdGGYHxZ9kv3wDZzFj49CObx9GU6+ijQ9FsFCWnsB44LmlzC17xCoQ9wn+zYIHtpdf80zvA==",
      "requires": {
        "tslib": "^2.0.0"
      }
    },
    "parse5": {
      "version": "5.1.1",
      "resolved": "https://registry.npmjs.org/parse5/-/parse5-5.1.1.tgz",
      "integrity": "sha512-ugq4DFI0Ptb+WWjAdOK16+u/nHfiIrcE+sh8kZMaM0WllQKLI9rOUq6c2b7cwPkXdzfQESqvoqK6ug7U/Yyzug=="
    },
    "rxjs": {
      "version": "6.6.3",
      "resolved": "https://registry.npmjs.org/rxjs/-/rxjs-6.6.3.tgz",
      "integrity": "sha512-trsQc+xYYXZ3urjOiJOuCOa5N3jAZ3eiSpQB5hIT8zGlL2QfnHLJ2r7GMkBGuIausdJN1OneaI6gQlsqNHHmZQ==",
      "requires": {
        "tslib": "^1.9.0"
      },
      "dependencies": {
        "tslib": {
          "version": "1.13.0",
          "resolved": "https://registry.npmjs.org/tslib/-/tslib-1.13.0.tgz",
          "integrity": "sha512-i/6DQjL8Xf3be4K/E6Wgpekn5Qasl1usyw++dAA35Ue5orEn65VIxOA+YvNNl9HV3qv70T7CNwjODHZrLwvd1Q=="
        }
      }
    },
    "tslib": {
      "version": "2.0.1",
      "resolved": "https://registry.npmjs.org/tslib/-/tslib-2.0.1.tgz",
      "integrity": "sha512-SgIkNheinmEBgx1IUNirK0TUD4X9yjjBRTqqjggWCU3pUEqIk3/Uwl3yRixYKT6WjQuGiwDv4NomL3wqRCj+CQ=="
    }
  }
}
